
Microsoft Visual Studio Solution File, Format Version 12.00
# Visual Studio Version 16
VisualStudioVersion = 16.0.31515.178
MinimumVisualStudioVersion = 10.0.40219.1
Project("{888888A0-9F3D-457C-B088-3A5042F75D52}") = "Basic Security", "Basic Security.pyproj", "{A6BE5919-349E-413C-85C1-4641CC1A1FD3}"
EndProject
Global
	GlobalSection(SolutionConfigurationPlatforms) = preSolution
		Debug|Any CPU = Debug|Any CPU
		Release|Any CPU = Release|Any CPU
	EndGlobalSection
	GlobalSection(ProjectConfigurationPlatforms) = postSolution
		{A6BE5919-349E-413C-85C1-4641CC1A1FD3}.Debug|Any CPU.ActiveCfg = Debug|Any CPU
		{A6BE5919-349E-413C-85C1-4641CC1A1FD3}.Release|Any CPU.ActiveCfg = Release|Any CPU
	EndGlobalSection
	GlobalSection(SolutionProperties) = preSolution
		HideSolutionNode = FALSE
	EndGlobalSection
	GlobalSection(ExtensibilityGlobals) = postSolution
		SolutionGuid = {45ACD77E-2BA4-4D66-A8B4-53802869A938}
	EndGlobalSection
EndGlobal
